<?xml version="1.0" encoding="utf-8"?>
<Project ToolsVersion="4.0" xmlns="http://schemas.microsoft.com/developer/msbuild/2003">
  <ItemGroup>
    <Filter Include="Source Files">
      <UniqueIdentifier>{4FC737F1-C7A5-4376-A066-2A32D752A2FF}</UniqueIdentifier>
      <Extensions>cpp;c;cc;cxx;def;odl;idl;hpj;bat;asm;asmx</Extensions>
    </Filter>
    <Filter Include="Header Files">
      <UniqueIdentifier>{93995380-89BD-4b04-88EB-625FBE52EBFB}</UniqueIdentifier>
      <Extensions>h;hpp;hxx;hm;inl;inc;xsd</Extensions>
    </Filter>
    <Filter Include="Resource Files">
      <UniqueIdentifier>{67DA6AB6-F800-4c08-8B7A-83BB121AAD01}</UniqueIdentifier>
      <Extensions>rc;ico;cur;bmp;dlg;rc2;rct;bin;rgs;gif;jpg;jpeg;jpe;resx;tiff;tif;png;wav;mfcribbon-ms</Extensions>
    </Filter>
    <Filter Include="InputHook">
      <UniqueIdentifier>{b9809de3-7f60-4981-8a0f-3f76b12796dc}</UniqueIdentifier>
    </Filter>
    <Filter Include="SimpleIni">
      <UniqueIdentifier>{99f7f07a-6fec-4e96-ba34-edc8190952c3}</UniqueIdentifier>
    </Filter>
    <Filter Include="common">
      <UniqueIdentifier>{0b86fc53-c792-4e7a-80e9-424fd2944b6b}</UniqueIdentifier>
    </Filter>
  </ItemGroup>
  <ItemGroup>
    <ClInclude Include="stdafx.h">
      <Filter>Header Files</Filter>
    </ClInclude>
    <ClInclude Include="targetver.h">
      <Filter>Header Files</Filter>
    </ClInclude>
    <ClInclude Include="dinput8.h">
      <Filter>Header Files</Filter>
    </ClInclude>
    <ClInclude Include="DirectInputModuleManager.h">
      <Filter>Header Files</Filter>
    </ClInclude>
    <ClInclude Include="..\minhook\src\buffer.h">
      <Filter>InputHook</Filter>
    </ClInclude>
    <ClInclude Include="..\minhook\src\trampoline.h">
      <Filter>InputHook</Filter>
    </ClInclude>
    <ClInclude Include="..\minhook\src\hde\hde32.h">
      <Filter>InputHook</Filter>
    </ClInclude>
    <ClInclude Include="..\minhook\src\hde\hde64.h">
      <Filter>InputHook</Filter>
    </ClInclude>
    <ClInclude Include="..\minhook\src\hde\pstdint.h">
      <Filter>InputHook</Filter>
    </ClInclude>
    <ClInclude Include="..\minhook\src\hde\table32.h">
      <Filter>InputHook</Filter>
    </ClInclude>
    <ClInclude Include="..\minhook\src\hde\table64.h">
      <Filter>InputHook</Filter>
    </ClInclude>
    <ClInclude Include="..\simpleini\SimpleIni.h">
      <Filter>SimpleIni</Filter>
    </ClInclude>
    <ClInclude Include="..\common\Common.h">
      <Filter>common</Filter>
    </ClInclude>
    <ClInclude Include="..\common\Logger.h">
      <Filter>common</Filter>
    </ClInclude>
    <ClInclude Include="..\common\NonCopyable.h">
      <Filter>common</Filter>
    </ClInclude>
    <ClInclude Include="..\common\StringUtils.h">
      <Filter>common</Filter>
    </ClInclude>
    <ClInclude Include="..\common\targetver.h">
      <Filter>common</Filter>
    </ClInclude>
    <ClInclude Include="..\common\Types.h">
      <Filter>common</Filter>
    </ClInclude>
    <ClInclude Include="..\common\Utils.h">
      <Filter>common</Filter>
    </ClInclude>
  </ItemGroup>
  <ItemGroup>
    <ClCompile Include="stdafx.cpp">
      <Filter>Source Files</Filter>
    </ClCompile>
    <ClCompile Include="dinput8.cpp">
      <Filter>Source Files</Filter>
    </ClCompile>
    <ClCompile Include="dllmain.cpp">
      <Filter>Source Files</Filter>
    </ClCompile>
    <ClCompile Include="..\minhook\src\buffer.c">
      <Filter>InputHook</Filter>
    </ClCompile>
    <ClCompile Include="..\minhook\src\hook.c">
      <Filter>InputHook</Filter>
    </ClCompile>
    <ClCompile Include="..\minhook\src\trampoline.c">
      <Filter>InputHook</Filter>
    </ClCompile>
    <ClCompile Include="..\minhook\src\hde\hde32.c">
      <Filter>InputHook</Filter>
    </ClCompile>
    <ClCompile Include="..\minhook\src\hde\hde64.c">
      <Filter>InputHook</Filter>
    </ClCompile>
    <ClCompile Include="..\common\StringUtils.cpp">
      <Filter>common</Filter>
    </ClCompile>
    <ClCompile Include="..\common\Utils.cpp">
      <Filter>common</Filter>
    </ClCompile>
  </ItemGroup>
  <ItemGroup>
    <None Include="dinput8.def">
      <Filter>Source Files</Filter>
    </None>
  </ItemGroup>
</Project>